
Microsoft Visual Studio Solution File, Format Version 12.00
# Visual Studio 2012
VisualStudioVersion = 12.0.30723.0
MinimumVisualStudioVersion = 10.0.40219.1
Project("{FAE04EC0-301F-11D3-BF4B-00C04F79EFBC}") = "qRcon", "qRcon.csproj", "{587021BD-2AF2-4C29-AC6C-2C6AF07F9FD1}"
EndProject
Global
	GlobalSection(SolutionConfigurationPlatforms) = preSolution
		Debug|Any CPU = Debug|Any CPU
		Release|Any CPU = Release|Any CPU
	EndGlobalSection
	GlobalSection(ProjectConfigurationPlatforms) = postSolution
		{587021BD-2AF2-4C29-AC6C-2C6AF07F9FD1}.Debug|Any CPU.ActiveCfg = Release|Any CPU
		{587021BD-2AF2-4C29-AC6C-2C6AF07F9FD1}.Debug|Any CPU.Build.0 = Release|Any CPU
		{587021BD-2AF2-4C29-AC6C-2C6AF07F9FD1}.Release|Any CPU.ActiveCfg = Release|Any CPU
		{587021BD-2AF2-4C29-AC6C-2C6AF07F9FD1}.Release|Any CPU.Build.0 = Release|Any CPU
	EndGlobalSection
	GlobalSection(MonoDevelopProperties) = preSolution
		Policies = $0
		$0.DotNetNamingPolicy = $1
		$1.DirectoryNamespaceAssociation = None
		$1.ResourceNamePolicy = FileFormatDefault
		description = Quake protocol RCON tool
		version = 2
	EndGlobalSection
	GlobalSection(SolutionProperties) = preSolution
		HideSolutionNode = FALSE
	EndGlobalSection
EndGlobal
